// !$*UTF8*$!
{
	archiveVersion = 1;
	classes = {
	};
	objectVersion = 50;
	objects = {

/* Begin PBXBuildFile section */
		66610F0E23332FE600A319BF /* AppDelegate.swift in Sources */ = {isa = PBXBuildFile; fileRef = 66610F0D23332FE600A319BF /* AppDelegate.swift */; };
		66610F1023332FE600A319BF /* SceneDelegate.swift in Sources */ = {isa = PBXBuildFile; fileRef = 66610F0F23332FE600A319BF /* SceneDelegate.swift */; };
		66610F1323332FE600A319BF /* otpio.xcdatamodeld in Sources */ = {isa = PBXBuildFile; fileRef = 66610F1123332FE600A319BF /* otpio.xcdatamodeld */; };
		66610F1523332FE600A319BF /* ContentView.swift in Sources */ = {isa = PBXBuildFile; fileRef = 66610F1423332FE600A319BF /* ContentView.swift */; };
		66610F1723332FE700A319BF /* Assets.xcassets in Resources */ = {isa = PBXBuildFile; fileRef = 66610F1623332FE700A319BF /* Assets.xcassets */; };
		66610F1A23332FE700A319BF /* Preview Assets.xcassets in Resources */ = {isa = PBXBuildFile; fileRef = 66610F1923332FE700A319BF /* Preview Assets.xcassets */; };
		66610F1D23332FE700A319BF /* LaunchScreen.storyboard in Resources */ = {isa = PBXBuildFile; fileRef = 66610F1B23332FE700A319BF /* LaunchScreen.storyboard */; };
/* End PBXBuildFile section */

/* Begin PBXFileReference section */
		66610F0A23332FE600A319BF /* otpio.app */ = {isa = PBXFileReference; explicitFileType = wrapper.application; includeInIndex = 0; path = otpio.app; sourceTree = BUILT_PRODUCTS_DIR; };
		66610F0D23332FE600A319BF /* AppDelegate.swift */ = {isa = PBXFileReference; lastKnownFileType = sourcecode.swift; path = AppDelegate.swift; sourceTree = "<group>"; };
		66610F0F23332FE600A319BF /* SceneDelegate.swift */ = {isa = PBXFileReference; lastKnownFileType = sourcecode.swift; path = SceneDelegate.swift; sourceTree = "<group>"; };
		66610F1223332FE600A319BF /* otpio.xcdatamodel */ = {isa = PBXFileReference; lastKnownFileType = wrapper.xcdatamodel; path = otpio.xcdatamodel; sourceTree = "<group>"; };
		66610F1423332FE600A319BF /* ContentView.swift */ = {isa = PBXFileReference; lastKnownFileType = sourcecode.swift; path = ContentView.swift; sourceTree = "<group>"; };
		66610F1623332FE700A319BF /* Assets.xcassets */ = {isa = PBXFileReference; lastKnownFileType = folder.assetcatalog; path = Assets.xcassets; sourceTree = "<group>"; };
		66610F1923332FE700A319BF /* Preview Assets.xcassets */ = {isa = PBXFileReference; lastKnownFileType = folder.assetcatalog; path = "Preview Assets.xcassets"; sourceTree = "<group>"; };
		66610F1C23332FE700A319BF /* Base */ = {isa = PBXFileReference; lastKnownFileType = file.storyboard; name = Base; path = Base.lproj/LaunchScreen.storyboard; sourceTree = "<group>"; };
		66610F1E23332FE700A319BF /* Info.plist */ = {isa = PBXFileReference; lastKnownFileType = text.plist.xml; path = Info.plist; sourceTree = "<group>"; };
/* End PBXFileReference section */

/* Begin PBXFrameworksBuildPhase section */
		66610F0723332FE600A319BF /* Frameworks */ = {
			isa = PBXFrameworksBuildPhase;
			buildActionMask = 2147483647;
			files = (
			);
			runOnlyForDeploymentPostprocessing = 0;
		};
/* End PBXFrameworksBuildPhase section */

/* Begin PBXGroup section */
		66610F0123332FE600A319BF = {
			isa = PBXGroup;
			children = (
				66610F0C23332FE600A319BF /* otpio */,
				66610F0B23332FE600A319BF /* Products */,
			);
			sourceTree = "<group>";
		};
		66610F0B23332FE600A319BF /* Products */ = {
			isa = PBXGroup;
			children = (
				66610F0A23332FE600A319BF /* otpio.app */,
			);
			name = Products;
			sourceTree = "<group>";
		};
		66610F0C23332FE600A319BF /* otpio */ = {
			isa = PBXGroup;
			children = (
				66610F0D23332FE600A319BF /* AppDelegate.swift */,
				66610F0F23332FE600A319BF /* SceneDelegate.swift */,
				66610F1423332FE600A319BF /* ContentView.swift */,
				66610F1623332FE700A319BF /* Assets.xcassets */,
				66610F1B23332FE700A319BF /* LaunchScreen.storyboard */,
				66610F1E23332FE700A319BF /* Info.plist */,
				66610F1123332FE600A319BF /* otpio.xcdatamodeld */,
				66610F1823332FE700A319BF /* Preview Content */,
			);
			path = otpio;
			sourceTree = "<group>";
		};
		66610F1823332FE700A319BF /* Preview Content */ = {
			isa = PBXGroup;
			children = (
				66610F1923332FE700A319BF /* Preview Assets.xcassets */,
			);
			path = "Preview Content";
			sourceTree = "<group>";
		};
/* End PBXGroup section */

/* Begin PBXNativeTarget section */
		66610F0923332FE600A319BF /* otpio */ = {
			isa = PBXNativeTarget;
			buildConfigurationList = 66610F2123332FE700A319BF /* Build configuration list for PBXNativeTarget "otpio" */;
			buildPhases = (
				66610F0623332FE600A319BF /* Sources */,
				66610F0723332FE600A319BF /* Frameworks */,
				66610F0823332FE600A319BF /* Resources */,
			);
			buildRules = (
			);
			dependencies = (
			);
			name = otpio;
			productName = otpio;
			productReference = 66610F0A23332FE600A319BF /* otpio.app */;
			productType = "com.apple.product-type.application";
		};
/* End PBXNativeTarget section */

/* Begin PBXProject section */
		66610F0223332FE600A319BF /* Project object */ = {
			isa = PBXProject;
			attributes = {
				LastSwiftUpdateCheck = 1100;
				LastUpgradeCheck = 1100;
				ORGANIZATIONNAME = "Matrix Studios";
				TargetAttributes = {
					66610F0923332FE600A319BF = {
						CreatedOnToolsVersion = 11.0;
					};
				};
			};
			buildConfigurationList = 66610F0523332FE600A319BF /* Build configuration list for PBXProject "otpio" */;
			compatibilityVersion = "Xcode 9.3";
			developmentRegion = en;
			hasScannedForEncodings = 0;
			knownRegions = (
				en,
				Base,
			);
			mainGroup = 66610F0123332FE600A319BF;
			productRefGroup = 66610F0B23332FE600A319BF /* Products */;
			projectDirPath = "";
			projectRoot = "";
			targets = (
				66610F0923332FE600A319BF /* otpio */,
			);
		};
/* End PBXProject section */

/* Begin PBXResourcesBuildPhase section */
		66610F0823332FE600A319BF /* Resources */ = {
			isa = PBXResourcesBuildPhase;
			buildActionMask = 2147483647;
			files = (
				66610F1D23332FE700A319BF /* LaunchScreen.storyboard in Resources */,
				66610F1A23332FE700A319BF /* Preview Assets.xcassets in Resources */,
				66610F1723332FE700A319BF /* Assets.xcassets in Resources */,
			);
			runOnlyForDeploymentPostprocessing = 0;
		};
/* End PBXResourcesBuildPhase section */

/* Begin PBXSourcesBuildPhase section */
		66610F0623332FE600A319BF /* Sources */ = {
			isa = PBXSourcesBuildPhase;
			buildActionMask = 2147483647;
			files = (
				66610F0E23332FE600A319BF /* AppDelegate.swift in Sources */,
				66610F1323332FE600A319BF /* otpio.xcdatamodeld in Sources */,
				66610F1523332FE600A319BF /* ContentView.swift in Sources */,
				66610F1023332FE600A319BF /* SceneDelegate.swift in Sources */,
			);
			runOnlyForDeploymentPostprocessing = 0;
		};
/* End PBXSourcesBuildPhase section */

/* Begin PBXVariantGroup section */
		66610F1B23332FE700A319BF /* LaunchScreen.storyboard */ = {
			isa = PBXVariantGroup;
			children = (
				66610F1C23332FE700A319BF /* Base */,
			);
			name = LaunchScreen.storyboard;
			sourceTree = "<group>";
		};
/* End PBXVariantGroup section */

/* Begin XCBuildConfiguration section */
		66610F1F23332FE700A319BF /* Debug */ = {
			isa = XCBuildConfiguration;
			buildSettings = {
				ALWAYS_SEARCH_USER_PATHS = NO;
				CLANG_ANALYZER_NONNULL = YES;
				CLANG_ANALYZER_NUMBER_OBJECT_CONVERSION = YES_AGGRESSIVE;
				CLANG_CXX_LANGUAGE_STANDARD = "gnu++14";
				CLANG_CXX_LIBRARY = "libc++";
				CLANG_ENABLE_MODULES = YES;
				CLANG_ENABLE_OBJC_ARC = YES;
				CLANG_ENABLE_OBJC_WEAK = YES;
				CLANG_WARN_BLOCK_CAPTURE_AUTORELEASING = YES;
				CLANG_WARN_BOOL_CONVERSION = YES;
				CLANG_WARN_COMMA = YES;
				CLANG_WARN_CONSTANT_CONVERSION = YES;
				CLANG_WARN_DEPRECATED_OBJC_IMPLEMENTATIONS = YES;
				CLANG_WARN_DIRECT_OBJC_ISA_USAGE = YES_ERROR;
				CLANG_WARN_DOCUMENTATION_COMMENTS = YES;
				CLANG_WARN_EMPTY_BODY = YES;
				CLANG_WARN_ENUM_CONVERSION = YES;
				CLANG_WARN_INFINITE_RECURSION = YES;
				CLANG_WARN_INT_CONVERSION = YES;
				CLANG_WARN_NON_LITERAL_NULL_CONVERSION = YES;
				CLANG_WARN_OBJC_IMPLICIT_RETAIN_SELF = YES;
				CLANG_WARN_OBJC_LITERAL_CONVERSION = YES;
				CLANG_WARN_OBJC_ROOT_CLASS = YES_ERROR;
				CLANG_WARN_RANGE_LOOP_ANALYSIS = YES;
				CLANG_WARN_STRICT_PROTOTYPES = YES;
				CLANG_WARN_SUSPICIOUS_MOVE = YES;
				CLANG_WARN_UNGUARDED_AVAILABILITY = YES_AGGRESSIVE;
				CLANG_WARN_UNREACHABLE_CODE = YES;
				CLANG_WARN__DUPLICATE_METHOD_MATCH = YES;
				COPY_PHASE_STRIP = NO;
				DEBUG_INFORMATION_FORMAT = dwarf;
				ENABLE_STRICT_OBJC_MSGSEND = YES;
				ENABLE_TESTABILITY = YES;
				GCC_C_LANGUAGE_STANDARD = gnu11;
				GCC_DYNAMIC_NO_PIC = NO;
				GCC_NO_COMMON_BLOCKS = YES;
				GCC_OPTIMIZATION_LEVEL = 0;
				GCC_PREPROCESSOR_DEFINITIONS = (
					"DEBUG=1",
					"$(inherited)",
				);
				GCC_WARN_64_TO_32_BIT_CONVERSION = YES;
				GCC_WARN_ABOUT_RETURN_TYPE = YES_ERROR;
				GCC_WARN_UNDECLARED_SELECTOR = YES;
				GCC_WARN_UNINITIALIZED_AUTOS = YES_AGGRESSIVE;
				GCC_WARN_UNUSED_FUNCTION = YES;
				GCC_WARN_UNUSED_VARIABLE = YES;
				IPHONEOS_DEPLOYMENT_TARGET = 13.0;
				MTL_ENABLE_DEBUG_INFO = INCLUDE_SOURCE;
				MTL_FAST_MATH = YES;
				ONLY_ACTIVE_ARCH = YES;
				SDKROOT = iphoneos;
				SWIFT_ACTIVE_COMPILATION_CONDITIONS = DEBUG;
				SWIFT_OPTIMIZATION_LEVEL = "-Onone";
			};
			name = Debug;
		};
		66610F2023332FE700A319BF /* Release */ = {
			isa = XCBuildConfiguration;
			buildSettings = {
				ALWAYS_SEARCH_USER_PATHS = NO;
				CLANG_ANALYZER_NONNULL = YES;
				CLANG_ANALYZER_NUMBER_OBJECT_CONVERSION = YES_AGGRESSIVE;
				CLANG_CXX_LANGUAGE_STANDARD = "gnu++14";
				CLANG_CXX_LIBRARY = "libc++";
				CLANG_ENABLE_MODULES = YES;
				CLANG_ENABLE_OBJC_ARC = YES;
				CLANG_ENABLE_OBJC_WEAK = YES;
				CLANG_WARN_BLOCK_CAPTURE_AUTORELEASING = YES;
				CLANG_WARN_BOOL_CONVERSION = YES;
				CLANG_WARN_COMMA = YES;
				CLANG_WARN_CONSTANT_CONVERSION = YES;
				CLANG_WARN_DEPRECATED_OBJC_IMPLEMENTATIONS = YES;
				CLANG_WARN_DIRECT_OBJC_ISA_USAGE = YES_ERROR;
				CLANG_WARN_DOCUMENTATION_COMMENTS = YES;
				CLANG_WARN_EMPTY_BODY = YES;
				CLANG_WARN_ENUM_CONVERSION = YES;
				CLANG_WARN_INFINITE_RECURSION = YES;
				CLANG_WARN_INT_CONVERSION = YES;
				CLANG_WARN_NON_LITERAL_NULL_CONVERSION = YES;
				CLANG_WARN_OBJC_IMPLICIT_RETAIN_SELF = YES;
				CLANG_WARN_OBJC_LITERAL_CONVERSION = YES;
				CLANG_WARN_OBJC_ROOT_CLASS = YES_ERROR;
				CLANG_WARN_RANGE_LOOP_ANALYSIS = YES;
				CLANG_WARN_STRICT_PROTOTYPES = YES;
				CLANG_WARN_SUSPICIOUS_MOVE = YES;
				CLANG_WARN_UNGUARDED_AVAILABILITY = YES_AGGRESSIVE;
				CLANG_WARN_UNREACHABLE_CODE = YES;
				CLANG_WARN__DUPLICATE_METHOD_MATCH = YES;
				COPY_PHASE_STRIP = NO;
				DEBUG_INFORMATION_FORMAT = "dwarf-with-dsym";
				ENABLE_NS_ASSERTIONS = NO;
				ENABLE_STRICT_OBJC_MSGSEND = YES;
				GCC_C_LANGUAGE_STANDARD = gnu11;
				GCC_NO_COMMON_BLOCKS = YES;
				GCC_WARN_64_TO_32_BIT_CONVERSION = YES;
				GCC_WARN_ABOUT_RETURN_TYPE = YES_ERROR;
				GCC_WARN_UNDECLARED_SELECTOR = YES;
				GCC_WARN_UNINITIALIZED_AUTOS = YES_AGGRESSIVE;
				GCC_WARN_UNUSED_FUNCTION = YES;
				GCC_WARN_UNUSED_VARIABLE = YES;
				IPHONEOS_DEPLOYMENT_TARGET = 13.0;
				MTL_ENABLE_DEBUG_INFO = NO;
				MTL_FAST_MATH = YES;
				SDKROOT = iphoneos;
				SWIFT_COMPILATION_MODE = wholemodule;
				SWIFT_OPTIMIZATION_LEVEL = "-O";
				VALIDATE_PRODUCT = YES;
			};
			name = Release;
		};
		66610F2223332FE700A319BF /* Debug */ = {
			isa = XCBuildConfiguration;
			buildSettings = {
				ASSETCATALOG_COMPILER_APPICON_NAME = AppIcon;
				CODE_SIGN_STYLE = Automatic;
				DEVELOPMENT_ASSET_PATHS = "\"otpio/Preview Content\"";
				DEVELOPMENT_TEAM = 6S4L29QT59;
				ENABLE_PREVIEWS = YES;
				INFOPLIST_FILE = otpio/Info.plist;
				LD_RUNPATH_SEARCH_PATHS = (
					"$(inherited)",
					"@executable_path/Frameworks",
				);
				PRODUCT_BUNDLE_IDENTIFIER = io.matrixstudios.otpio;
				PRODUCT_NAME = "$(TARGET_NAME)";
				SWIFT_VERSION = 5.0;
				TARGETED_DEVICE_FAMILY = "1,2";
			};
			name = Debug;
		};
		66610F2323332FE700A319BF /* Release */ = {
			isa = XCBuildConfiguration;
			buildSettings = {
				ASSETCATALOG_COMPILER_APPICON_NAME = AppIcon;
				CODE_SIGN_STYLE = Automatic;
				DEVELOPMENT_ASSET_PATHS = "\"otpio/Preview Content\"";
				DEVELOPMENT_TEAM = 6S4L29QT59;
				ENABLE_PREVIEWS = YES;
				INFOPLIST_FILE = otpio/Info.plist;
				LD_RUNPATH_SEARCH_PATHS = (
					"$(inherited)",
					"@executable_path/Frameworks",
				);
				PRODUCT_BUNDLE_IDENTIFIER = io.matrixstudios.otpio;
				PRODUCT_NAME = "$(TARGET_NAME)";
				SWIFT_VERSION = 5.0;
				TARGETED_DEVICE_FAMILY = "1,2";
			};
			name = Release;
		};
/* End XCBuildConfiguration section */

/* Begin XCConfigurationList section */
		66610F0523332FE600A319BF /* Build configuration list for PBXProject "otpio" */ = {
			isa = XCConfigurationList;
			buildConfigurations = (
				66610F1F23332FE700A319BF /* Debug */,
				66610F2023332FE700A319BF /* Release */,
			);
			defaultConfigurationIsVisible = 0;
			defaultConfigurationName = Release;
		};
		66610F2123332FE700A319BF /* Build configuration list for PBXNativeTarget "otpio" */ = {
			isa = XCConfigurationList;
			buildConfigurations = (
				66610F2223332FE700A319BF /* Debug */,
				66610F2323332FE700A319BF /* Release */,
			);
			defaultConfigurationIsVisible = 0;
			defaultConfigurationName = Release;
		};
/* End XCConfigurationList section */

/* Begin XCVersionGroup section */
		66610F1123332FE600A319BF /* otpio.xcdatamodeld */ = {
			isa = XCVersionGroup;
			children = (
				66610F1223332FE600A319BF /* otpio.xcdatamodel */,
			);
			currentVersion = 66610F1223332FE600A319BF /* otpio.xcdatamodel */;
			path = otpio.xcdatamodeld;
			sourceTree = "<group>";
			versionGroupType = wrapper.xcdatamodel;
		};
/* End XCVersionGroup section */
	};
	rootObject = 66610F0223332FE600A319BF /* Project object */;
}
